
Microsoft Visual Studio Solution File, Format Version 10.00
# Visual Studio 2008
Project("{FAE04EC0-301F-11D3-BF4B-00C04F79EFBC}") = "Vendord.Desktop.App", "Vendord.Desktop.App\Vendord.Desktop.App.csproj", "{86CCFE0D-0858-44FB-AE37-4C7521E79F6A}"
EndProject
Project("{FAE04EC0-301F-11D3-BF4B-00C04F79EFBC}") = "Vendord.SmartDevice.App", "Vendord.SmartDevice.App\Vendord.SmartDevice.App.csproj", "{3DE4015A-666F-48A3-ABB1-96038A6C860D}"
EndProject
Project("{FAE04EC0-301F-11D3-BF4B-00C04F79EFBC}") = "Vendord.SmartDevice.Linked", "Vendord.SmartDevice.Linked\Vendord.SmartDevice.Linked.csproj", "{EA738CA8-5ECC-493D-A474-4FCCC2831878}"
EndProject
Project("{2150E333-8FDC-42A3-9474-1A3956D46DE8}") = "Solution Items", "Solution Items", "{7925C6EB-6002-4319-8FC8-CE59F12BE765}"
	ProjectSection(SolutionItems) = preProject
		Vendord.vsmdi = Vendord.vsmdi
		Vendord1.vsmdi = Vendord1.vsmdi
	EndProjectSection
EndProject
Project("{2150E333-8FDC-42A3-9474-1A3956D46DE8}") = "Tests", "Tests", "{C0C50489-9F98-424B-8D75-AF13B077ADFB}"
EndProject
Project("{FAE04EC0-301F-11D3-BF4B-00C04F79EFBC}") = "Vendord.Desktop.WPF.App", "Vendord.Desktop.WPF.App\Vendord.Desktop.WPF.App.csproj", "{EBE5C24B-E532-4DFD-80A6-A4C6A452BDCC}"
EndProject
Project("{FAE04EC0-301F-11D3-BF4B-00C04F79EFBC}") = "SqlCeRepairUtility", "SqlCeRepairUtility\SqlCeRepairUtility.csproj", "{729A236F-EBB9-4E17-B5FD-DEBEFB71BDC9}"
EndProject
Project("{FAE04EC0-301F-11D3-BF4B-00C04F79EFBC}") = "Vendord.Sync", "Vendord.Sync\Vendord.Sync.csproj", "{3B83AA36-A730-4DA3-B19F-50489A2BF17E}"
EndProject
Project("{FAE04EC0-301F-11D3-BF4B-00C04F79EFBC}") = "Vendord.Sync.Tests", "Vendord.Sync.Tests\Vendord.Sync.Tests.csproj", "{41A27CC8-B7F5-4197-8417-1A275E257BC3}"
EndProject
Project("{FAE04EC0-301F-11D3-BF4B-00C04F79EFBC}") = "Vendord.Printer", "Vendord.Printer\Vendord.Printer.csproj", "{B398ABFF-96BD-44CC-936E-7F8C303ED14B}"
EndProject
Global
	GlobalSection(SolutionConfigurationPlatforms) = preSolution
		Debug|Any CPU = Debug|Any CPU
		Debug|Mixed Platforms = Debug|Mixed Platforms
		Debug|Pocket PC 2003 (ARMV4) = Debug|Pocket PC 2003 (ARMV4)
		Debug|Win32 = Debug|Win32
		Debug|x86 = Debug|x86
		Release|Any CPU = Release|Any CPU
		Release|Mixed Platforms = Release|Mixed Platforms
		Release|Pocket PC 2003 (ARMV4) = Release|Pocket PC 2003 (ARMV4)
		Release|Win32 = Release|Win32
		Release|x86 = Release|x86
	EndGlobalSection
	GlobalSection(ProjectConfigurationPlatforms) = postSolution
		{86CCFE0D-0858-44FB-AE37-4C7521E79F6A}.Debug|Any CPU.ActiveCfg = Debug|Any CPU
		{86CCFE0D-0858-44FB-AE37-4C7521E79F6A}.Debug|Any CPU.Build.0 = Debug|Any CPU
		{86CCFE0D-0858-44FB-AE37-4C7521E79F6A}.Debug|Mixed Platforms.ActiveCfg = Debug|Any CPU
		{86CCFE0D-0858-44FB-AE37-4C7521E79F6A}.Debug|Mixed Platforms.Build.0 = Debug|Any CPU
		{86CCFE0D-0858-44FB-AE37-4C7521E79F6A}.Debug|Pocket PC 2003 (ARMV4).ActiveCfg = Debug|Any CPU
		{86CCFE0D-0858-44FB-AE37-4C7521E79F6A}.Debug|Win32.ActiveCfg = Debug|Any CPU
		{86CCFE0D-0858-44FB-AE37-4C7521E79F6A}.Debug|x86.ActiveCfg = Debug|x86
		{86CCFE0D-0858-44FB-AE37-4C7521E79F6A}.Debug|x86.Build.0 = Debug|x86
		{86CCFE0D-0858-44FB-AE37-4C7521E79F6A}.Release|Any CPU.ActiveCfg = Release|Any CPU
		{86CCFE0D-0858-44FB-AE37-4C7521E79F6A}.Release|Any CPU.Build.0 = Release|Any CPU
		{86CCFE0D-0858-44FB-AE37-4C7521E79F6A}.Release|Mixed Platforms.ActiveCfg = Release|Any CPU
		{86CCFE0D-0858-44FB-AE37-4C7521E79F6A}.Release|Mixed Platforms.Build.0 = Release|Any CPU
		{86CCFE0D-0858-44FB-AE37-4C7521E79F6A}.Release|Pocket PC 2003 (ARMV4).ActiveCfg = Release|Any CPU
		{86CCFE0D-0858-44FB-AE37-4C7521E79F6A}.Release|Win32.ActiveCfg = Release|Any CPU
		{86CCFE0D-0858-44FB-AE37-4C7521E79F6A}.Release|x86.ActiveCfg = Release|x86
		{86CCFE0D-0858-44FB-AE37-4C7521E79F6A}.Release|x86.Build.0 = Release|x86
		{3DE4015A-666F-48A3-ABB1-96038A6C860D}.Debug|Any CPU.ActiveCfg = Debug|Any CPU
		{3DE4015A-666F-48A3-ABB1-96038A6C860D}.Debug|Any CPU.Build.0 = Debug|Any CPU
		{3DE4015A-666F-48A3-ABB1-96038A6C860D}.Debug|Any CPU.Deploy.0 = Debug|Any CPU
		{3DE4015A-666F-48A3-ABB1-96038A6C860D}.Debug|Mixed Platforms.ActiveCfg = Debug|Any CPU
		{3DE4015A-666F-48A3-ABB1-96038A6C860D}.Debug|Mixed Platforms.Build.0 = Debug|Any CPU
		{3DE4015A-666F-48A3-ABB1-96038A6C860D}.Debug|Mixed Platforms.Deploy.0 = Debug|Any CPU
		{3DE4015A-666F-48A3-ABB1-96038A6C860D}.Debug|Pocket PC 2003 (ARMV4).ActiveCfg = Debug|Any CPU
		{3DE4015A-666F-48A3-ABB1-96038A6C860D}.Debug|Win32.ActiveCfg = Debug|Any CPU
		{3DE4015A-666F-48A3-ABB1-96038A6C860D}.Debug|x86.ActiveCfg = Debug|Any CPU
		{3DE4015A-666F-48A3-ABB1-96038A6C860D}.Release|Any CPU.ActiveCfg = Release|Any CPU
		{3DE4015A-666F-48A3-ABB1-96038A6C860D}.Release|Any CPU.Build.0 = Release|Any CPU
		{3DE4015A-666F-48A3-ABB1-96038A6C860D}.Release|Any CPU.Deploy.0 = Release|Any CPU
		{3DE4015A-666F-48A3-ABB1-96038A6C860D}.Release|Mixed Platforms.ActiveCfg = Release|Any CPU
		{3DE4015A-666F-48A3-ABB1-96038A6C860D}.Release|Mixed Platforms.Build.0 = Release|Any CPU
		{3DE4015A-666F-48A3-ABB1-96038A6C860D}.Release|Mixed Platforms.Deploy.0 = Release|Any CPU
		{3DE4015A-666F-48A3-ABB1-96038A6C860D}.Release|Pocket PC 2003 (ARMV4).ActiveCfg = Release|Any CPU
		{3DE4015A-666F-48A3-ABB1-96038A6C860D}.Release|Win32.ActiveCfg = Release|Any CPU
		{3DE4015A-666F-48A3-ABB1-96038A6C860D}.Release|x86.ActiveCfg = Release|Any CPU
		{3DE4015A-666F-48A3-ABB1-96038A6C860D}.Release|x86.Build.0 = Release|Any CPU
		{EA738CA8-5ECC-493D-A474-4FCCC2831878}.Debug|Any CPU.ActiveCfg = Debug|Any CPU
		{EA738CA8-5ECC-493D-A474-4FCCC2831878}.Debug|Any CPU.Build.0 = Debug|Any CPU
		{EA738CA8-5ECC-493D-A474-4FCCC2831878}.Debug|Any CPU.Deploy.0 = Debug|Any CPU
		{EA738CA8-5ECC-493D-A474-4FCCC2831878}.Debug|Mixed Platforms.ActiveCfg = Debug|Any CPU
		{EA738CA8-5ECC-493D-A474-4FCCC2831878}.Debug|Mixed Platforms.Build.0 = Debug|Any CPU
		{EA738CA8-5ECC-493D-A474-4FCCC2831878}.Debug|Mixed Platforms.Deploy.0 = Debug|Any CPU
		{EA738CA8-5ECC-493D-A474-4FCCC2831878}.Debug|Pocket PC 2003 (ARMV4).ActiveCfg = Debug|Any CPU
		{EA738CA8-5ECC-493D-A474-4FCCC2831878}.Debug|Win32.ActiveCfg = Debug|Any CPU
		{EA738CA8-5ECC-493D-A474-4FCCC2831878}.Debug|x86.ActiveCfg = Debug|Any CPU
		{EA738CA8-5ECC-493D-A474-4FCCC2831878}.Release|Any CPU.ActiveCfg = Release|Any CPU
		{EA738CA8-5ECC-493D-A474-4FCCC2831878}.Release|Any CPU.Build.0 = Release|Any CPU
		{EA738CA8-5ECC-493D-A474-4FCCC2831878}.Release|Any CPU.Deploy.0 = Release|Any CPU
		{EA738CA8-5ECC-493D-A474-4FCCC2831878}.Release|Mixed Platforms.ActiveCfg = Release|Any CPU
		{EA738CA8-5ECC-493D-A474-4FCCC2831878}.Release|Mixed Platforms.Build.0 = Release|Any CPU
		{EA738CA8-5ECC-493D-A474-4FCCC2831878}.Release|Mixed Platforms.Deploy.0 = Release|Any CPU
		{EA738CA8-5ECC-493D-A474-4FCCC2831878}.Release|Pocket PC 2003 (ARMV4).ActiveCfg = Release|Any CPU
		{EA738CA8-5ECC-493D-A474-4FCCC2831878}.Release|Win32.ActiveCfg = Release|Any CPU
		{EA738CA8-5ECC-493D-A474-4FCCC2831878}.Release|x86.ActiveCfg = Release|Any CPU
		{EA738CA8-5ECC-493D-A474-4FCCC2831878}.Release|x86.Build.0 = Release|Any CPU
		{EBE5C24B-E532-4DFD-80A6-A4C6A452BDCC}.Debug|Any CPU.ActiveCfg = Debug|Any CPU
		{EBE5C24B-E532-4DFD-80A6-A4C6A452BDCC}.Debug|Any CPU.Build.0 = Debug|Any CPU
		{EBE5C24B-E532-4DFD-80A6-A4C6A452BDCC}.Debug|Mixed Platforms.ActiveCfg = Debug|Any CPU
		{EBE5C24B-E532-4DFD-80A6-A4C6A452BDCC}.Debug|Mixed Platforms.Build.0 = Debug|Any CPU
		{EBE5C24B-E532-4DFD-80A6-A4C6A452BDCC}.Debug|Pocket PC 2003 (ARMV4).ActiveCfg = Debug|Any CPU
		{EBE5C24B-E532-4DFD-80A6-A4C6A452BDCC}.Debug|Win32.ActiveCfg = Debug|Any CPU
		{EBE5C24B-E532-4DFD-80A6-A4C6A452BDCC}.Debug|x86.ActiveCfg = Debug|Any CPU
		{EBE5C24B-E532-4DFD-80A6-A4C6A452BDCC}.Release|Any CPU.ActiveCfg = Release|Any CPU
		{EBE5C24B-E532-4DFD-80A6-A4C6A452BDCC}.Release|Any CPU.Build.0 = Release|Any CPU
		{EBE5C24B-E532-4DFD-80A6-A4C6A452BDCC}.Release|Mixed Platforms.ActiveCfg = Release|Any CPU
		{EBE5C24B-E532-4DFD-80A6-A4C6A452BDCC}.Release|Mixed Platforms.Build.0 = Release|Any CPU
		{EBE5C24B-E532-4DFD-80A6-A4C6A452BDCC}.Release|Pocket PC 2003 (ARMV4).ActiveCfg = Release|Any CPU
		{EBE5C24B-E532-4DFD-80A6-A4C6A452BDCC}.Release|Win32.ActiveCfg = Release|Any CPU
		{EBE5C24B-E532-4DFD-80A6-A4C6A452BDCC}.Release|x86.ActiveCfg = Release|Any CPU
		{729A236F-EBB9-4E17-B5FD-DEBEFB71BDC9}.Debug|Any CPU.ActiveCfg = Debug|Any CPU
		{729A236F-EBB9-4E17-B5FD-DEBEFB71BDC9}.Debug|Any CPU.Build.0 = Debug|Any CPU
		{729A236F-EBB9-4E17-B5FD-DEBEFB71BDC9}.Debug|Mixed Platforms.ActiveCfg = Debug|Any CPU
		{729A236F-EBB9-4E17-B5FD-DEBEFB71BDC9}.Debug|Mixed Platforms.Build.0 = Debug|Any CPU
		{729A236F-EBB9-4E17-B5FD-DEBEFB71BDC9}.Debug|Pocket PC 2003 (ARMV4).ActiveCfg = Debug|Any CPU
		{729A236F-EBB9-4E17-B5FD-DEBEFB71BDC9}.Debug|Win32.ActiveCfg = Debug|Any CPU
		{729A236F-EBB9-4E17-B5FD-DEBEFB71BDC9}.Debug|x86.ActiveCfg = Debug|Any CPU
		{729A236F-EBB9-4E17-B5FD-DEBEFB71BDC9}.Release|Any CPU.ActiveCfg = Release|Any CPU
		{729A236F-EBB9-4E17-B5FD-DEBEFB71BDC9}.Release|Any CPU.Build.0 = Release|Any CPU
		{729A236F-EBB9-4E17-B5FD-DEBEFB71BDC9}.Release|Mixed Platforms.ActiveCfg = Release|Any CPU
		{729A236F-EBB9-4E17-B5FD-DEBEFB71BDC9}.Release|Mixed Platforms.Build.0 = Release|Any CPU
		{729A236F-EBB9-4E17-B5FD-DEBEFB71BDC9}.Release|Pocket PC 2003 (ARMV4).ActiveCfg = Release|Any CPU
		{729A236F-EBB9-4E17-B5FD-DEBEFB71BDC9}.Release|Win32.ActiveCfg = Release|Any CPU
		{729A236F-EBB9-4E17-B5FD-DEBEFB71BDC9}.Release|x86.ActiveCfg = Release|Any CPU
		{3B83AA36-A730-4DA3-B19F-50489A2BF17E}.Debug|Any CPU.ActiveCfg = Debug|Any CPU
		{3B83AA36-A730-4DA3-B19F-50489A2BF17E}.Debug|Any CPU.Build.0 = Debug|Any CPU
		{3B83AA36-A730-4DA3-B19F-50489A2BF17E}.Debug|Mixed Platforms.ActiveCfg = Debug|Any CPU
		{3B83AA36-A730-4DA3-B19F-50489A2BF17E}.Debug|Mixed Platforms.Build.0 = Debug|Any CPU
		{3B83AA36-A730-4DA3-B19F-50489A2BF17E}.Debug|Pocket PC 2003 (ARMV4).ActiveCfg = Debug|Any CPU
		{3B83AA36-A730-4DA3-B19F-50489A2BF17E}.Debug|Win32.ActiveCfg = Debug|Any CPU
		{3B83AA36-A730-4DA3-B19F-50489A2BF17E}.Debug|x86.ActiveCfg = Debug|Any CPU
		{3B83AA36-A730-4DA3-B19F-50489A2BF17E}.Release|Any CPU.ActiveCfg = Release|Any CPU
		{3B83AA36-A730-4DA3-B19F-50489A2BF17E}.Release|Any CPU.Build.0 = Release|Any CPU
		{3B83AA36-A730-4DA3-B19F-50489A2BF17E}.Release|Mixed Platforms.ActiveCfg = Release|Any CPU
		{3B83AA36-A730-4DA3-B19F-50489A2BF17E}.Release|Mixed Platforms.Build.0 = Release|Any CPU
		{3B83AA36-A730-4DA3-B19F-50489A2BF17E}.Release|Pocket PC 2003 (ARMV4).ActiveCfg = Release|Any CPU
		{3B83AA36-A730-4DA3-B19F-50489A2BF17E}.Release|Win32.ActiveCfg = Release|Any CPU
		{3B83AA36-A730-4DA3-B19F-50489A2BF17E}.Release|x86.ActiveCfg = Release|Any CPU
		{41A27CC8-B7F5-4197-8417-1A275E257BC3}.Debug|Any CPU.ActiveCfg = Debug|Any CPU
		{41A27CC8-B7F5-4197-8417-1A275E257BC3}.Debug|Any CPU.Build.0 = Debug|Any CPU
		{41A27CC8-B7F5-4197-8417-1A275E257BC3}.Debug|Mixed Platforms.ActiveCfg = Debug|Any CPU
		{41A27CC8-B7F5-4197-8417-1A275E257BC3}.Debug|Mixed Platforms.Build.0 = Debug|Any CPU
		{41A27CC8-B7F5-4197-8417-1A275E257BC3}.Debug|Pocket PC 2003 (ARMV4).ActiveCfg = Debug|Any CPU
		{41A27CC8-B7F5-4197-8417-1A275E257BC3}.Debug|Win32.ActiveCfg = Debug|Any CPU
		{41A27CC8-B7F5-4197-8417-1A275E257BC3}.Debug|x86.ActiveCfg = Debug|Any CPU
		{41A27CC8-B7F5-4197-8417-1A275E257BC3}.Release|Any CPU.ActiveCfg = Release|Any CPU
		{41A27CC8-B7F5-4197-8417-1A275E257BC3}.Release|Any CPU.Build.0 = Release|Any CPU
		{41A27CC8-B7F5-4197-8417-1A275E257BC3}.Release|Mixed Platforms.ActiveCfg = Release|Any CPU
		{41A27CC8-B7F5-4197-8417-1A275E257BC3}.Release|Mixed Platforms.Build.0 = Release|Any CPU
		{41A27CC8-B7F5-4197-8417-1A275E257BC3}.Release|Pocket PC 2003 (ARMV4).ActiveCfg = Release|Any CPU
		{41A27CC8-B7F5-4197-8417-1A275E257BC3}.Release|Win32.ActiveCfg = Release|Any CPU
		{41A27CC8-B7F5-4197-8417-1A275E257BC3}.Release|x86.ActiveCfg = Release|Any CPU
		{B398ABFF-96BD-44CC-936E-7F8C303ED14B}.Debug|Any CPU.ActiveCfg = Debug|Any CPU
		{B398ABFF-96BD-44CC-936E-7F8C303ED14B}.Debug|Any CPU.Build.0 = Debug|Any CPU
		{B398ABFF-96BD-44CC-936E-7F8C303ED14B}.Debug|Mixed Platforms.ActiveCfg = Debug|Any CPU
		{B398ABFF-96BD-44CC-936E-7F8C303ED14B}.Debug|Mixed Platforms.Build.0 = Debug|Any CPU
		{B398ABFF-96BD-44CC-936E-7F8C303ED14B}.Debug|Pocket PC 2003 (ARMV4).ActiveCfg = Debug|Any CPU
		{B398ABFF-96BD-44CC-936E-7F8C303ED14B}.Debug|Win32.ActiveCfg = Debug|Any CPU
		{B398ABFF-96BD-44CC-936E-7F8C303ED14B}.Debug|x86.ActiveCfg = Debug|Any CPU
		{B398ABFF-96BD-44CC-936E-7F8C303ED14B}.Release|Any CPU.ActiveCfg = Release|Any CPU
		{B398ABFF-96BD-44CC-936E-7F8C303ED14B}.Release|Any CPU.Build.0 = Release|Any CPU
		{B398ABFF-96BD-44CC-936E-7F8C303ED14B}.Release|Mixed Platforms.ActiveCfg = Release|Any CPU
		{B398ABFF-96BD-44CC-936E-7F8C303ED14B}.Release|Mixed Platforms.Build.0 = Release|Any CPU
		{B398ABFF-96BD-44CC-936E-7F8C303ED14B}.Release|Pocket PC 2003 (ARMV4).ActiveCfg = Release|Any CPU
		{B398ABFF-96BD-44CC-936E-7F8C303ED14B}.Release|Win32.ActiveCfg = Release|Any CPU
		{B398ABFF-96BD-44CC-936E-7F8C303ED14B}.Release|x86.ActiveCfg = Release|Any CPU
	EndGlobalSection
	GlobalSection(SolutionProperties) = preSolution
		HideSolutionNode = FALSE
	EndGlobalSection
	GlobalSection(NestedProjects) = preSolution
		{41A27CC8-B7F5-4197-8417-1A275E257BC3} = {C0C50489-9F98-424B-8D75-AF13B077ADFB}
	EndGlobalSection
EndGlobal
